
Microsoft Visual Studio Solution File, Format Version 12.00
# Visual Studio Version 17
VisualStudioVersion = 17.2.32526.322
MinimumVisualStudioVersion = 10.0.40219.1
Project("{FAE04EC0-301F-11D3-BF4B-00C04F79EFBC}") = "Enum_Ornek", "Enum_Ornek\Enum_Ornek.csproj", "{FDF258E7-AB43-4C23-8864-404988992CC9}"
EndProject
Global
	GlobalSection(SolutionConfigurationPlatforms) = preSolution
		Debug|Any CPU = Debug|Any CPU
		Release|Any CPU = Release|Any CPU
	EndGlobalSection
	GlobalSection(ProjectConfigurationPlatforms) = postSolution
		{FDF258E7-AB43-4C23-8864-404988992CC9}.Debug|Any CPU.ActiveCfg = Debug|Any CPU
		{FDF258E7-AB43-4C23-8864-404988992CC9}.Debug|Any CPU.Build.0 = Debug|Any CPU
		{FDF258E7-AB43-4C23-8864-404988992CC9}.Release|Any CPU.ActiveCfg = Release|Any CPU
		{FDF258E7-AB43-4C23-8864-404988992CC9}.Release|Any CPU.Build.0 = Release|Any CPU
	EndGlobalSection
	GlobalSection(SolutionProperties) = preSolution
		HideSolutionNode = FALSE
	EndGlobalSection
	GlobalSection(ExtensibilityGlobals) = postSolution
		SolutionGuid = {E9288990-A8D5-479E-9F4E-74414EA6086B}
	EndGlobalSection
EndGlobal
