
Microsoft Visual Studio Solution File, Format Version 12.00
# Visual Studio Version 17
VisualStudioVersion = 17.2.32526.322
MinimumVisualStudioVersion = 10.0.40219.1
Project("{FAE04EC0-301F-11D3-BF4B-00C04F79EFBC}") = "Params_Console", "Params_Console\Params_Console.csproj", "{F7A1AF65-D0DD-465E-896B-3C1436001750}"
EndProject
Global
	GlobalSection(SolutionConfigurationPlatforms) = preSolution
		Debug|Any CPU = Debug|Any CPU
		Release|Any CPU = Release|Any CPU
	EndGlobalSection
	GlobalSection(ProjectConfigurationPlatforms) = postSolution
		{F7A1AF65-D0DD-465E-896B-3C1436001750}.Debug|Any CPU.ActiveCfg = Debug|Any CPU
		{F7A1AF65-D0DD-465E-896B-3C1436001750}.Debug|Any CPU.Build.0 = Debug|Any CPU
		{F7A1AF65-D0DD-465E-896B-3C1436001750}.Release|Any CPU.ActiveCfg = Release|Any CPU
		{F7A1AF65-D0DD-465E-896B-3C1436001750}.Release|Any CPU.Build.0 = Release|Any CPU
	EndGlobalSection
	GlobalSection(SolutionProperties) = preSolution
		HideSolutionNode = FALSE
	EndGlobalSection
	GlobalSection(ExtensibilityGlobals) = postSolution
		SolutionGuid = {12840FC7-323C-4671-814C-182CD1212BC0}
	EndGlobalSection
EndGlobal
