
Microsoft Visual Studio Solution File, Format Version 12.00
# Visual Studio Version 17
VisualStudioVersion = 17.2.32526.322
MinimumVisualStudioVersion = 10.0.40219.1
Project("{FAE04EC0-301F-11D3-BF4B-00C04F79EFBC}") = "Fonksiyonlar_Ornek", "Fonksiyonlar_Ornek\Fonksiyonlar_Ornek.csproj", "{4F9CE1E9-2FDF-4F64-AB14-08AB4151EC8E}"
EndProject
Global
	GlobalSection(SolutionConfigurationPlatforms) = preSolution
		Debug|Any CPU = Debug|Any CPU
		Release|Any CPU = Release|Any CPU
	EndGlobalSection
	GlobalSection(ProjectConfigurationPlatforms) = postSolution
		{4F9CE1E9-2FDF-4F64-AB14-08AB4151EC8E}.Debug|Any CPU.ActiveCfg = Debug|Any CPU
		{4F9CE1E9-2FDF-4F64-AB14-08AB4151EC8E}.Debug|Any CPU.Build.0 = Debug|Any CPU
		{4F9CE1E9-2FDF-4F64-AB14-08AB4151EC8E}.Release|Any CPU.ActiveCfg = Release|Any CPU
		{4F9CE1E9-2FDF-4F64-AB14-08AB4151EC8E}.Release|Any CPU.Build.0 = Release|Any CPU
	EndGlobalSection
	GlobalSection(SolutionProperties) = preSolution
		HideSolutionNode = FALSE
	EndGlobalSection
	GlobalSection(ExtensibilityGlobals) = postSolution
		SolutionGuid = {D585CCA5-FEE7-4282-AEF8-5F8A05FA651D}
	EndGlobalSection
EndGlobal
