
Microsoft Visual Studio Solution File, Format Version 12.00
# Visual Studio Version 17
VisualStudioVersion = 17.2.32526.322
MinimumVisualStudioVersion = 10.0.40219.1
Project("{FAE04EC0-301F-11D3-BF4B-00C04F79EFBC}") = "9- Contains_Metot", "9- Contains_Metot\9- Contains_Metot.csproj", "{189838F1-B151-46CA-A46A-C0EE060A69CB}"
EndProject
Global
	GlobalSection(SolutionConfigurationPlatforms) = preSolution
		Debug|Any CPU = Debug|Any CPU
		Release|Any CPU = Release|Any CPU
	EndGlobalSection
	GlobalSection(ProjectConfigurationPlatforms) = postSolution
		{189838F1-B151-46CA-A46A-C0EE060A69CB}.Debug|Any CPU.ActiveCfg = Debug|Any CPU
		{189838F1-B151-46CA-A46A-C0EE060A69CB}.Debug|Any CPU.Build.0 = Debug|Any CPU
		{189838F1-B151-46CA-A46A-C0EE060A69CB}.Release|Any CPU.ActiveCfg = Release|Any CPU
		{189838F1-B151-46CA-A46A-C0EE060A69CB}.Release|Any CPU.Build.0 = Release|Any CPU
	EndGlobalSection
	GlobalSection(SolutionProperties) = preSolution
		HideSolutionNode = FALSE
	EndGlobalSection
	GlobalSection(ExtensibilityGlobals) = postSolution
		SolutionGuid = {19F8C372-F14E-43D3-8600-7422B3CDAED5}
	EndGlobalSection
EndGlobal
