
Microsoft Visual Studio Solution File, Format Version 12.00
# Visual Studio Version 17
VisualStudioVersion = 17.2.32526.322
MinimumVisualStudioVersion = 10.0.40219.1
Project("{FAE04EC0-301F-11D3-BF4B-00C04F79EFBC}") = "Hazir_String_Metotlar_Format", "Hazir_String_Metotlar_Format\Hazir_String_Metotlar_Format.csproj", "{1778B7AF-F7EC-410A-8DCF-7BFF06B817FB}"
EndProject
Global
	GlobalSection(SolutionConfigurationPlatforms) = preSolution
		Debug|Any CPU = Debug|Any CPU
		Release|Any CPU = Release|Any CPU
	EndGlobalSection
	GlobalSection(ProjectConfigurationPlatforms) = postSolution
		{1778B7AF-F7EC-410A-8DCF-7BFF06B817FB}.Debug|Any CPU.ActiveCfg = Debug|Any CPU
		{1778B7AF-F7EC-410A-8DCF-7BFF06B817FB}.Debug|Any CPU.Build.0 = Debug|Any CPU
		{1778B7AF-F7EC-410A-8DCF-7BFF06B817FB}.Release|Any CPU.ActiveCfg = Release|Any CPU
		{1778B7AF-F7EC-410A-8DCF-7BFF06B817FB}.Release|Any CPU.Build.0 = Release|Any CPU
	EndGlobalSection
	GlobalSection(SolutionProperties) = preSolution
		HideSolutionNode = FALSE
	EndGlobalSection
	GlobalSection(ExtensibilityGlobals) = postSolution
		SolutionGuid = {85D5CBD9-D4F7-4110-8FA7-DC5E40B7A3EB}
	EndGlobalSection
EndGlobal
